{
  "name": "@definejs/package",
  "version": "0.1.2",
  "lockfileVersion": 1,
  "requires": true,
  "dependencies": {
    "@definejs/api": {
      "version": "0.1.1",
      "resolved": "https://registry.npmjs.org/@definejs/api/-/api-0.1.1.tgz",
      "integrity": "sha512-YG/OLGYrT/nCKvFdInspBokW05hjLGTl+P9tDY4sbcxpwmTUECcbjRMOKdNq/Sn0e7SbxzFVG5kMIzdG37DnVQ==",
      "requires": {
        "@definejs/emitter": "^0.1.0",
        "@definejs/fn": "^0.1.0",
        "@definejs/json": "^0.1.0",
        "@definejs/object": "^0.1.4",
        "@definejs/proxy": "^0.1.0",
        "@definejs/query": "^0.1.0",
        "@definejs/string": "^0.1.1"
      }
    },
    "@definejs/emitter": {
      "version": "0.1.2",
      "resolved": "https://registry.npmjs.org/@definejs/emitter/-/emitter-0.1.2.tgz",
      "integrity": "sha512-nOWQ+BkGcHZc2S50D1PJQd3BA0b8QpYdlhJRFnCRN7WwQU+bXp5pa7Z9afaGHCVOK6qnqGGt3b+J0ZZYoJ4kBw==",
      "requires": {
        "@definejs/object": "^0.1.2",
        "@definejs/tree": "^0.1.4"
      }
    },
    "@definejs/fn": {
      "version": "0.1.1",
      "resolved": "https://registry.npmjs.org/@definejs/fn/-/fn-0.1.1.tgz",
      "integrity": "sha512-O7xy7fTTwdt2i4rhVTU5jWih1MLEMJdqmLEtquoailz0lHVcFkKBs/vycZCvraczaimCRqF8WGDrXup2eTbmAw==",
      "requires": {
        "@definejs/math": "^0.1.2"
      }
    },
    "@definejs/json": {
      "version": "0.1.3",
      "resolved": "https://registry.npmjs.org/@definejs/json/-/json-0.1.3.tgz",
      "integrity": "sha512-yLl/8qJqJ3G5oXnnmWccY8bKPBUC7asoMFzQkEZjrmHYjKELR8taZbSt4aMYyHWT6LIMR0NmfDIwRi0ogKADzg=="
    },
    "@definejs/math": {
      "version": "0.1.3",
      "resolved": "https://registry.npmjs.org/@definejs/math/-/math-0.1.3.tgz",
      "integrity": "sha512-22dt5AsS/TgaklQ2lELoieBJA6VXiqnE3rK+8Xuz1cRUEkULUQBBGMzKzol1X1rTAZUBhUUXeRyU0rl8Qjkz2Q=="
    },
    "@definejs/object": {
      "version": "0.1.5",
      "resolved": "https://registry.npmjs.org/@definejs/object/-/object-0.1.5.tgz",
      "integrity": "sha512-P6LCbSEgvy7dWxKzh5oU3+hGBqPLAmrcywDhbuYu3Uxjx+LyIDrUxBW4wWcjnyLueVvDhEHPNLDwQP+PP1Y8NQ=="
    },
    "@definejs/proxy": {
      "version": "0.1.1",
      "resolved": "https://registry.npmjs.org/@definejs/proxy/-/proxy-0.1.1.tgz",
      "integrity": "sha512-xUj/ObA7G//O8aYb2WqHWbuUpXrGWJzgbZqZaUlw+YY3P9lHgTK+SLNLx4gQKKYMXqO7h7KSgogoY7z3+gRyWA==",
      "requires": {
        "@definejs/fn": "^0.1.0",
        "@definejs/json": "^0.1.0",
        "@definejs/query": "^0.1.0",
        "@definejs/script": "^0.1.0",
        "@definejs/url": "^0.1.2"
      }
    },
    "@definejs/query": {
      "version": "0.1.1",
      "resolved": "https://registry.npmjs.org/@definejs/query/-/query-0.1.1.tgz",
      "integrity": "sha512-l9umbqRzj2vhauGyOElZyBO4rsb/vRXOen6J7/2wE9zLSefJfnhPCoo1CrlmAEveQM+bWdYebpSzlBt/CXQiKg==",
      "requires": {
        "@definejs/object": "^0.1.2",
        "@definejs/string": "^0.1.1"
      }
    },
    "@definejs/script": {
      "version": "0.1.1",
      "resolved": "https://registry.npmjs.org/@definejs/script/-/script-0.1.1.tgz",
      "integrity": "sha512-+H8itzVmRqeNeh3T/P/4AlIessOxtSYxSdbJHOLKvd1NbcdZK9V120PPBLhL8Ke6/kzSHTShSfi3k1BNWqspxQ==",
      "requires": {
        "@definejs/object": "^0.1.3"
      }
    },
    "@definejs/string": {
      "version": "0.1.2",
      "resolved": "https://registry.npmjs.org/@definejs/string/-/string-0.1.2.tgz",
      "integrity": "sha512-jKEpQcUrfd2+Jmt6E+RwNntTFFgGozid6dbALKDrdHZM2kZUa+/WJhh42dLVfeuYBt3qBaLKwavy1LFt7Ssb0w=="
    },
    "@definejs/tasker": {
      "version": "0.1.2",
      "resolved": "https://registry.npmjs.org/@definejs/tasker/-/tasker-0.1.2.tgz",
      "integrity": "sha512-menpeMif/qabbKCxzbBtnPZG1hwAwq81CCNsP+73Jzyi3sq52ycoQ/4ynABfzFkuyhdIlhSHfbIsVEFwj1M+0g==",
      "requires": {
        "@definejs/emitter": "^0.1.0"
      }
    },
    "@definejs/tree": {
      "version": "0.1.5",
      "resolved": "https://registry.npmjs.org/@definejs/tree/-/tree-0.1.5.tgz",
      "integrity": "sha512-fuHw1Z2S8NlUUJiafnDc5PplSJflTtwy3cG/NaOT/YO3zcKEiP5DHk2a0Omq1Eeyhe4ynepY8IqhXaH937Uefg==",
      "requires": {
        "@definejs/object": "^0.1.0"
      }
    },
    "@definejs/url": {
      "version": "0.1.4",
      "resolved": "https://registry.npmjs.org/@definejs/url/-/url-0.1.4.tgz",
      "integrity": "sha512-j6LRKZ4sEbH49RmqLPCVJQGhog4oPg50DD1Xykk2rzZIsLbo3AxKknlEVZkyGeKMx+U0QoQBaRg+NwHbeq8S4g=="
    }
  }
}
